
Microsoft Visual Studio Solution File, Format Version 12.00
# Visual Studio Version 17
VisualStudioVersion = 17.0.32002.185
MinimumVisualStudioVersion = 10.0.40219.1
Project("{FAE04EC0-301F-11D3-BF4B-00C04F79EFBC}") = "VortexLabyrinth-Sa21341", "Tower-Sa21341\VortexLabyrinth-Sa21341.csproj", "{9E42E797-5F03-4D31-82C4-5E705C09D562}"
EndProject
Global
	GlobalSection(SolutionConfigurationPlatforms) = preSolution
		Debug|Any CPU = Debug|Any CPU
		Release|Any CPU = Release|Any CPU
	EndGlobalSection
	GlobalSection(ProjectConfigurationPlatforms) = postSolution
		{9E42E797-5F03-4D31-82C4-5E705C09D562}.Debug|Any CPU.ActiveCfg = Debug|Any CPU
		{9E42E797-5F03-4D31-82C4-5E705C09D562}.Debug|Any CPU.Build.0 = Debug|Any CPU
		{9E42E797-5F03-4D31-82C4-5E705C09D562}.Release|Any CPU.ActiveCfg = Release|Any CPU
		{9E42E797-5F03-4D31-82C4-5E705C09D562}.Release|Any CPU.Build.0 = Release|Any CPU
	EndGlobalSection
	GlobalSection(SolutionProperties) = preSolution
		HideSolutionNode = FALSE
	EndGlobalSection
	GlobalSection(ExtensibilityGlobals) = postSolution
		SolutionGuid = {C482ECCF-97B4-4B0D-A0FB-776C53731870}
	EndGlobalSection
EndGlobal
